// !$*UTF8*$!
{
	archiveVersion = 1;
	classes = {
	};
	objectVersion = 46;
	objects = {

/* Begin PBXBuildFile section */
		8334409A1A86B8D90049A1C1 /* APIClient.m in Sources */ = {isa = PBXBuildFile; fileRef = 833440991A86B8D90049A1C1 /* APIClient.m */; };
		836E338D1A86B133004EF2B4 /* main.m in Sources */ = {isa = PBXBuildFile; fileRef = 836E338C1A86B133004EF2B4 /* main.m */; };
		836E33901A86B133004EF2B4 /* AppDelegate.m in Sources */ = {isa = PBXBuildFile; fileRef = 836E338F1A86B133004EF2B4 /* AppDelegate.m */; };
		836E33931A86B133004EF2B4 /* ViewController.m in Sources */ = {isa = PBXBuildFile; fileRef = 836E33921A86B133004EF2B4 /* ViewController.m */; };
		836E33961A86B133004EF2B4 /* Main.storyboard in Resources */ = {isa = PBXBuildFile; fileRef = 836E33941A86B133004EF2B4 /* Main.storyboard */; };
		836E33981A86B133004EF2B4 /* Images.xcassets in Resources */ = {isa = PBXBuildFile; fileRef = 836E33971A86B133004EF2B4 /* Images.xcassets */; };
		836E339B1A86B133004EF2B4 /* LaunchScreen.xib in Resources */ = {isa = PBXBuildFile; fileRef = 836E33991A86B133004EF2B4 /* LaunchScreen.xib */; };
		836E33A71A86B134004EF2B4 /* helpmehelpyouTests.m in Sources */ = {isa = PBXBuildFile; fileRef = 836E33A61A86B134004EF2B4 /* helpmehelpyouTests.m */; };
		F293DD561CD9D854335C6BE5 /* libPods-helpmehelpyou.a in Frameworks */ = {isa = PBXBuildFile; fileRef = C41731D44B498CA959A71567 /* libPods-helpmehelpyou.a */; };
/* End PBXBuildFile section */

/* Begin PBXContainerItemProxy section */
		836E33A11A86B134004EF2B4 /* PBXContainerItemProxy */ = {
			isa = PBXContainerItemProxy;
			containerPortal = 836E337F1A86B133004EF2B4 /* Project object */;
			proxyType = 1;
			remoteGlobalIDString = 836E33861A86B133004EF2B4;
			remoteInfo = helpmehelpyou;
		};
/* End PBXContainerItemProxy section */

/* Begin PBXFileReference section */
		02EB57488F91C691046F0246 /* Pods-helpmehelpyou.debug.xcconfig */ = {isa = PBXFileReference; includeInIndex = 1; lastKnownFileType = text.xcconfig; name = "Pods-helpmehelpyou.debug.xcconfig"; path = "Pods/Target Support Files/Pods-helpmehelpyou/Pods-helpmehelpyou.debug.xcconfig"; sourceTree = "<group>"; };
		833440981A86B8D90049A1C1 /* APIClient.h */ = {isa = PBXFileReference; fileEncoding = 4; lastKnownFileType = sourcecode.c.h; path = APIClient.h; sourceTree = "<group>"; };
		833440991A86B8D90049A1C1 /* APIClient.m */ = {isa = PBXFileReference; fileEncoding = 4; lastKnownFileType = sourcecode.c.objc; path = APIClient.m; sourceTree = "<group>"; };
		836E33871A86B133004EF2B4 /* helpmehelpyou.app */ = {isa = PBXFileReference; explicitFileType = wrapper.application; includeInIndex = 0; path = helpmehelpyou.app; sourceTree = BUILT_PRODUCTS_DIR; };
		836E338B1A86B133004EF2B4 /* Info.plist */ = {isa = PBXFileReference; lastKnownFileType = text.plist.xml; path = Info.plist; sourceTree = "<group>"; };
		836E338C1A86B133004EF2B4 /* main.m */ = {isa = PBXFileReference; lastKnownFileType = sourcecode.c.objc; path = main.m; sourceTree = "<group>"; };
		836E338E1A86B133004EF2B4 /* AppDelegate.h */ = {isa = PBXFileReference; lastKnownFileType = sourcecode.c.h; path = AppDelegate.h; sourceTree = "<group>"; };
		836E338F1A86B133004EF2B4 /* AppDelegate.m */ = {isa = PBXFileReference; lastKnownFileType = sourcecode.c.objc; path = AppDelegate.m; sourceTree = "<group>"; };
		836E33911A86B133004EF2B4 /* ViewController.h */ = {isa = PBXFileReference; lastKnownFileType = sourcecode.c.h; path = ViewController.h; sourceTree = "<group>"; };
		836E33921A86B133004EF2B4 /* ViewController.m */ = {isa = PBXFileReference; lastKnownFileType = sourcecode.c.objc; path = ViewController.m; sourceTree = "<group>"; };
		836E33951A86B133004EF2B4 /* Base */ = {isa = PBXFileReference; lastKnownFileType = file.storyboard; name = Base; path = Base.lproj/Main.storyboard; sourceTree = "<group>"; };
		836E33971A86B133004EF2B4 /* Images.xcassets */ = {isa = PBXFileReference; lastKnownFileType = folder.assetcatalog; path = Images.xcassets; sourceTree = "<group>"; };
		836E339A1A86B133004EF2B4 /* Base */ = {isa = PBXFileReference; lastKnownFileType = file.xib; name = Base; path = Base.lproj/LaunchScreen.xib; sourceTree = "<group>"; };
		836E33A01A86B134004EF2B4 /* helpmehelpyouTests.xctest */ = {isa = PBXFileReference; explicitFileType = wrapper.cfbundle; includeInIndex = 0; path = helpmehelpyouTests.xctest; sourceTree = BUILT_PRODUCTS_DIR; };
		836E33A51A86B134004EF2B4 /* Info.plist */ = {isa = PBXFileReference; lastKnownFileType = text.plist.xml; path = Info.plist; sourceTree = "<group>"; };
		836E33A61A86B134004EF2B4 /* helpmehelpyouTests.m */ = {isa = PBXFileReference; lastKnownFileType = sourcecode.c.objc; path = helpmehelpyouTests.m; sourceTree = "<group>"; };
		B57BD4DD0333364661B6D2B3 /* Pods-helpmehelpyou.release.xcconfig */ = {isa = PBXFileReference; includeInIndex = 1; lastKnownFileType = text.xcconfig; name = "Pods-helpmehelpyou.release.xcconfig"; path = "Pods/Target Support Files/Pods-helpmehelpyou/Pods-helpmehelpyou.release.xcconfig"; sourceTree = "<group>"; };
		C41731D44B498CA959A71567 /* libPods-helpmehelpyou.a */ = {isa = PBXFileReference; explicitFileType = archive.ar; includeInIndex = 0; path = "libPods-helpmehelpyou.a"; sourceTree = BUILT_PRODUCTS_DIR; };
/* End PBXFileReference section */

/* Begin PBXFrameworksBuildPhase section */
		836E33841A86B133004EF2B4 /* Frameworks */ = {
			isa = PBXFrameworksBuildPhase;
			buildActionMask = 2147483647;
			files = (
				F293DD561CD9D854335C6BE5 /* libPods-helpmehelpyou.a in Frameworks */,
			);
			runOnlyForDeploymentPostprocessing = 0;
		};
		836E339D1A86B134004EF2B4 /* Frameworks */ = {
			isa = PBXFrameworksBuildPhase;
			buildActionMask = 2147483647;
			files = (
			);
			runOnlyForDeploymentPostprocessing = 0;
		};
/* End PBXFrameworksBuildPhase section */

/* Begin PBXGroup section */
		2CD3B0A30086847B560136FE /* Pods */ = {
			isa = PBXGroup;
			children = (
				02EB57488F91C691046F0246 /* Pods-helpmehelpyou.debug.xcconfig */,
				B57BD4DD0333364661B6D2B3 /* Pods-helpmehelpyou.release.xcconfig */,
			);
			name = Pods;
			sourceTree = "<group>";
		};
		422614B8D46D5967423F4591 /* Frameworks */ = {
			isa = PBXGroup;
			children = (
				C41731D44B498CA959A71567 /* libPods-helpmehelpyou.a */,
			);
			name = Frameworks;
			sourceTree = "<group>";
		};
		833440971A86B80B0049A1C1 /* api */ = {
			isa = PBXGroup;
			children = (
				833440981A86B8D90049A1C1 /* APIClient.h */,
				833440991A86B8D90049A1C1 /* APIClient.m */,
			);
			path = api;
			sourceTree = "<group>";
		};
		836E337E1A86B133004EF2B4 = {
			isa = PBXGroup;
			children = (
				836E33891A86B133004EF2B4 /* helpmehelpyou */,
				836E33A31A86B134004EF2B4 /* helpmehelpyouTests */,
				836E33881A86B133004EF2B4 /* Products */,
				2CD3B0A30086847B560136FE /* Pods */,
				422614B8D46D5967423F4591 /* Frameworks */,
			);
			sourceTree = "<group>";
		};
		836E33881A86B133004EF2B4 /* Products */ = {
			isa = PBXGroup;
			children = (
				836E33871A86B133004EF2B4 /* helpmehelpyou.app */,
				836E33A01A86B134004EF2B4 /* helpmehelpyouTests.xctest */,
			);
			name = Products;
			sourceTree = "<group>";
		};
		836E33891A86B133004EF2B4 /* helpmehelpyou */ = {
			isa = PBXGroup;
			children = (
				833440971A86B80B0049A1C1 /* api */,
				836E338E1A86B133004EF2B4 /* AppDelegate.h */,
				836E338F1A86B133004EF2B4 /* AppDelegate.m */,
				836E33911A86B133004EF2B4 /* ViewController.h */,
				836E33921A86B133004EF2B4 /* ViewController.m */,
				836E33941A86B133004EF2B4 /* Main.storyboard */,
				836E33971A86B133004EF2B4 /* Images.xcassets */,
				836E33991A86B133004EF2B4 /* LaunchScreen.xib */,
				836E338A1A86B133004EF2B4 /* Supporting Files */,
			);
			path = helpmehelpyou;
			sourceTree = "<group>";
		};
		836E338A1A86B133004EF2B4 /* Supporting Files */ = {
			isa = PBXGroup;
			children = (
				836E338B1A86B133004EF2B4 /* Info.plist */,
				836E338C1A86B133004EF2B4 /* main.m */,
			);
			name = "Supporting Files";
			sourceTree = "<group>";
		};
		836E33A31A86B134004EF2B4 /* helpmehelpyouTests */ = {
			isa = PBXGroup;
			children = (
				836E33A61A86B134004EF2B4 /* helpmehelpyouTests.m */,
				836E33A41A86B134004EF2B4 /* Supporting Files */,
			);
			path = helpmehelpyouTests;
			sourceTree = "<group>";
		};
		836E33A41A86B134004EF2B4 /* Supporting Files */ = {
			isa = PBXGroup;
			children = (
				836E33A51A86B134004EF2B4 /* Info.plist */,
			);
			name = "Supporting Files";
			sourceTree = "<group>";
		};
/* End PBXGroup section */

/* Begin PBXNativeTarget section */
		836E33861A86B133004EF2B4 /* helpmehelpyou */ = {
			isa = PBXNativeTarget;
			buildConfigurationList = 836E33AA1A86B134004EF2B4 /* Build configuration list for PBXNativeTarget "helpmehelpyou" */;
			buildPhases = (
				35811873A52D15E584CBC41E /* Check Pods Manifest.lock */,
				836E33831A86B133004EF2B4 /* Sources */,
				836E33841A86B133004EF2B4 /* Frameworks */,
				836E33851A86B133004EF2B4 /* Resources */,
				B5E0C13A666419BBF84EDB28 /* Copy Pods Resources */,
			);
			buildRules = (
			);
			dependencies = (
			);
			name = helpmehelpyou;
			productName = helpmehelpyou;
			productReference = 836E33871A86B133004EF2B4 /* helpmehelpyou.app */;
			productType = "com.apple.product-type.application";
		};
		836E339F1A86B134004EF2B4 /* helpmehelpyouTests */ = {
			isa = PBXNativeTarget;
			buildConfigurationList = 836E33AD1A86B134004EF2B4 /* Build configuration list for PBXNativeTarget "helpmehelpyouTests" */;
			buildPhases = (
				836E339C1A86B134004EF2B4 /* Sources */,
				836E339D1A86B134004EF2B4 /* Frameworks */,
				836E339E1A86B134004EF2B4 /* Resources */,
			);
			buildRules = (
			);
			dependencies = (
				836E33A21A86B134004EF2B4 /* PBXTargetDependency */,
			);
			name = helpmehelpyouTests;
			productName = helpmehelpyouTests;
			productReference = 836E33A01A86B134004EF2B4 /* helpmehelpyouTests.xctest */;
			productType = "com.apple.product-type.bundle.unit-test";
		};
/* End PBXNativeTarget section */

/* Begin PBXProject section */
		836E337F1A86B133004EF2B4 /* Project object */ = {
			isa = PBXProject;
			attributes = {
				LastUpgradeCheck = 0610;
				ORGANIZATIONNAME = MYH;
				TargetAttributes = {
					836E33861A86B133004EF2B4 = {
						CreatedOnToolsVersion = 6.1.1;
					};
					836E339F1A86B134004EF2B4 = {
						CreatedOnToolsVersion = 6.1.1;
						TestTargetID = 836E33861A86B133004EF2B4;
					};
				};
			};
			buildConfigurationList = 836E33821A86B133004EF2B4 /* Build configuration list for PBXProject "helpmehelpyou" */;
			compatibilityVersion = "Xcode 3.2";
			developmentRegion = English;
			hasScannedForEncodings = 0;
			knownRegions = (
				en,
				Base,
			);
			mainGroup = 836E337E1A86B133004EF2B4;
			productRefGroup = 836E33881A86B133004EF2B4 /* Products */;
			projectDirPath = "";
			projectRoot = "";
			targets = (
				836E33861A86B133004EF2B4 /* helpmehelpyou */,
				836E339F1A86B134004EF2B4 /* helpmehelpyouTests */,
			);
		};
/* End PBXProject section */

/* Begin PBXResourcesBuildPhase section */
		836E33851A86B133004EF2B4 /* Resources */ = {
			isa = PBXResourcesBuildPhase;
			buildActionMask = 2147483647;
			files = (
				836E33961A86B133004EF2B4 /* Main.storyboard in Resources */,
				836E339B1A86B133004EF2B4 /* LaunchScreen.xib in Resources */,
				836E33981A86B133004EF2B4 /* Images.xcassets in Resources */,
			);
			runOnlyForDeploymentPostprocessing = 0;
		};
		836E339E1A86B134004EF2B4 /* Resources */ = {
			isa = PBXResourcesBuildPhase;
			buildActionMask = 2147483647;
			files = (
			);
			runOnlyForDeploymentPostprocessing = 0;
		};
/* End PBXResourcesBuildPhase section */

/* Begin PBXShellScriptBuildPhase section */
		35811873A52D15E584CBC41E /* Check Pods Manifest.lock */ = {
			isa = PBXShellScriptBuildPhase;
			buildActionMask = 2147483647;
			files = (
			);
			inputPaths = (
			);
			name = "Check Pods Manifest.lock";
			outputPaths = (
			);
			runOnlyForDeploymentPostprocessing = 0;
			shellPath = /bin/sh;
			shellScript = "diff \"${PODS_ROOT}/../Podfile.lock\" \"${PODS_ROOT}/Manifest.lock\" > /dev/null\nif [[ $? != 0 ]] ; then\n    cat << EOM\nerror: The sandbox is not in sync with the Podfile.lock. Run 'pod install' or update your CocoaPods installation.\nEOM\n    exit 1\nfi\n";
			showEnvVarsInLog = 0;
		};
		B5E0C13A666419BBF84EDB28 /* Copy Pods Resources */ = {
			isa = PBXShellScriptBuildPhase;
			buildActionMask = 2147483647;
			files = (
			);
			inputPaths = (
			);
			name = "Copy Pods Resources";
			outputPaths = (
			);
			runOnlyForDeploymentPostprocessing = 0;
			shellPath = /bin/sh;
			shellScript = "\"${SRCROOT}/Pods/Target Support Files/Pods-helpmehelpyou/Pods-helpmehelpyou-resources.sh\"\n";
			showEnvVarsInLog = 0;
		};
/* End PBXShellScriptBuildPhase section */

/* Begin PBXSourcesBuildPhase section */
		836E33831A86B133004EF2B4 /* Sources */ = {
			isa = PBXSourcesBuildPhase;
			buildActionMask = 2147483647;
			files = (
				836E33931A86B133004EF2B4 /* ViewController.m in Sources */,
				836E33901A86B133004EF2B4 /* AppDelegate.m in Sources */,
				836E338D1A86B133004EF2B4 /* main.m in Sources */,
				8334409A1A86B8D90049A1C1 /* APIClient.m in Sources */,
			);
			runOnlyForDeploymentPostprocessing = 0;
		};
		836E339C1A86B134004EF2B4 /* Sources */ = {
			isa = PBXSourcesBuildPhase;
			buildActionMask = 2147483647;
			files = (
				836E33A71A86B134004EF2B4 /* helpmehelpyouTests.m in Sources */,
			);
			runOnlyForDeploymentPostprocessing = 0;
		};
/* End PBXSourcesBuildPhase section */

/* Begin PBXTargetDependency section */
		836E33A21A86B134004EF2B4 /* PBXTargetDependency */ = {
			isa = PBXTargetDependency;
			target = 836E33861A86B133004EF2B4 /* helpmehelpyou */;
			targetProxy = 836E33A11A86B134004EF2B4 /* PBXContainerItemProxy */;
		};
/* End PBXTargetDependency section */

/* Begin PBXVariantGroup section */
		836E33941A86B133004EF2B4 /* Main.storyboard */ = {
			isa = PBXVariantGroup;
			children = (
				836E33951A86B133004EF2B4 /* Base */,
			);
			name = Main.storyboard;
			sourceTree = "<group>";
		};
		836E33991A86B133004EF2B4 /* LaunchScreen.xib */ = {
			isa = PBXVariantGroup;
			children = (
				836E339A1A86B133004EF2B4 /* Base */,
			);
			name = LaunchScreen.xib;
			sourceTree = "<group>";
		};
/* End PBXVariantGroup section */

/* Begin XCBuildConfiguration section */
		836E33A81A86B134004EF2B4 /* Debug */ = {
			isa = XCBuildConfiguration;
			buildSettings = {
				ALWAYS_SEARCH_USER_PATHS = NO;
				CLANG_CXX_LANGUAGE_STANDARD = "gnu++0x";
				CLANG_CXX_LIBRARY = "libc++";
				CLANG_ENABLE_MODULES = YES;
				CLANG_ENABLE_OBJC_ARC = YES;
				CLANG_WARN_BOOL_CONVERSION = YES;
				CLANG_WARN_CONSTANT_CONVERSION = YES;
				CLANG_WARN_DIRECT_OBJC_ISA_USAGE = YES_ERROR;
				CLANG_WARN_EMPTY_BODY = YES;
				CLANG_WARN_ENUM_CONVERSION = YES;
				CLANG_WARN_INT_CONVERSION = YES;
				CLANG_WARN_OBJC_ROOT_CLASS = YES_ERROR;
				CLANG_WARN_UNREACHABLE_CODE = YES;
				CLANG_WARN__DUPLICATE_METHOD_MATCH = YES;
				"CODE_SIGN_IDENTITY[sdk=iphoneos*]" = "iPhone Developer";
				COPY_PHASE_STRIP = NO;
				ENABLE_STRICT_OBJC_MSGSEND = YES;
				GCC_C_LANGUAGE_STANDARD = gnu99;
				GCC_DYNAMIC_NO_PIC = NO;
				GCC_OPTIMIZATION_LEVEL = 0;
				GCC_PREPROCESSOR_DEFINITIONS = (
					"DEBUG=1",
					"$(inherited)",
				);
				GCC_SYMBOLS_PRIVATE_EXTERN = NO;
				GCC_WARN_64_TO_32_BIT_CONVERSION = YES;
				GCC_WARN_ABOUT_RETURN_TYPE = YES_ERROR;
				GCC_WARN_UNDECLARED_SELECTOR = YES;
				GCC_WARN_UNINITIALIZED_AUTOS = YES_AGGRESSIVE;
				GCC_WARN_UNUSED_FUNCTION = YES;
				GCC_WARN_UNUSED_VARIABLE = YES;
				IPHONEOS_DEPLOYMENT_TARGET = 8.1;
				MTL_ENABLE_DEBUG_INFO = YES;
				ONLY_ACTIVE_ARCH = YES;
				SDKROOT = iphoneos;
			};
			name = Debug;
		};
		836E33A91A86B134004EF2B4 /* Release */ = {
			isa = XCBuildConfiguration;
			buildSettings = {
				ALWAYS_SEARCH_USER_PATHS = NO;
				CLANG_CXX_LANGUAGE_STANDARD = "gnu++0x";
				CLANG_CXX_LIBRARY = "libc++";
				CLANG_ENABLE_MODULES = YES;
				CLANG_ENABLE_OBJC_ARC = YES;
				CLANG_WARN_BOOL_CONVERSION = YES;
				CLANG_WARN_CONSTANT_CONVERSION = YES;
				CLANG_WARN_DIRECT_OBJC_ISA_USAGE = YES_ERROR;
				CLANG_WARN_EMPTY_BODY = YES;
				CLANG_WARN_ENUM_CONVERSION = YES;
				CLANG_WARN_INT_CONVERSION = YES;
				CLANG_WARN_OBJC_ROOT_CLASS = YES_ERROR;
				CLANG_WARN_UNREACHABLE_CODE = YES;
				CLANG_WARN__DUPLICATE_METHOD_MATCH = YES;
				"CODE_SIGN_IDENTITY[sdk=iphoneos*]" = "iPhone Developer";
				COPY_PHASE_STRIP = YES;
				ENABLE_NS_ASSERTIONS = NO;
				ENABLE_STRICT_OBJC_MSGSEND = YES;
				GCC_C_LANGUAGE_STANDARD = gnu99;
				GCC_WARN_64_TO_32_BIT_CONVERSION = YES;
				GCC_WARN_ABOUT_RETURN_TYPE = YES_ERROR;
				GCC_WARN_UNDECLARED_SELECTOR = YES;
				GCC_WARN_UNINITIALIZED_AUTOS = YES_AGGRESSIVE;
				GCC_WARN_UNUSED_FUNCTION = YES;
				GCC_WARN_UNUSED_VARIABLE = YES;
				IPHONEOS_DEPLOYMENT_TARGET = 8.1;
				MTL_ENABLE_DEBUG_INFO = NO;
				SDKROOT = iphoneos;
				VALIDATE_PRODUCT = YES;
			};
			name = Release;
		};
		836E33AB1A86B134004EF2B4 /* Debug */ = {
			isa = XCBuildConfiguration;
			baseConfigurationReference = 02EB57488F91C691046F0246 /* Pods-helpmehelpyou.debug.xcconfig */;
			buildSettings = {
				ASSETCATALOG_COMPILER_APPICON_NAME = AppIcon;
				INFOPLIST_FILE = helpmehelpyou/Info.plist;
				LD_RUNPATH_SEARCH_PATHS = "$(inherited) @executable_path/Frameworks";
				PRODUCT_NAME = "$(TARGET_NAME)";
			};
			name = Debug;
		};
		836E33AC1A86B134004EF2B4 /* Release */ = {
			isa = XCBuildConfiguration;
			baseConfigurationReference = B57BD4DD0333364661B6D2B3 /* Pods-helpmehelpyou.release.xcconfig */;
			buildSettings = {
				ASSETCATALOG_COMPILER_APPICON_NAME = AppIcon;
				INFOPLIST_FILE = helpmehelpyou/Info.plist;
				LD_RUNPATH_SEARCH_PATHS = "$(inherited) @executable_path/Frameworks";
				PRODUCT_NAME = "$(TARGET_NAME)";
			};
			name = Release;
		};
		836E33AE1A86B134004EF2B4 /* Debug */ = {
			isa = XCBuildConfiguration;
			buildSettings = {
				BUNDLE_LOADER = "$(TEST_HOST)";
				FRAMEWORK_SEARCH_PATHS = (
					"$(SDKROOT)/Developer/Library/Frameworks",
					"$(inherited)",
				);
				GCC_PREPROCESSOR_DEFINITIONS = (
					"DEBUG=1",
					"$(inherited)",
				);
				INFOPLIST_FILE = helpmehelpyouTests/Info.plist;
				LD_RUNPATH_SEARCH_PATHS = "$(inherited) @executable_path/Frameworks @loader_path/Frameworks";
				PRODUCT_NAME = "$(TARGET_NAME)";
				TEST_HOST = "$(BUILT_PRODUCTS_DIR)/helpmehelpyou.app/helpmehelpyou";
			};
			name = Debug;
		};
		836E33AF1A86B134004EF2B4 /* Release */ = {
			isa = XCBuildConfiguration;
			buildSettings = {
				BUNDLE_LOADER = "$(TEST_HOST)";
				FRAMEWORK_SEARCH_PATHS = (
					"$(SDKROOT)/Developer/Library/Frameworks",
					"$(inherited)",
				);
				INFOPLIST_FILE = helpmehelpyouTests/Info.plist;
				LD_RUNPATH_SEARCH_PATHS = "$(inherited) @executable_path/Frameworks @loader_path/Frameworks";
				PRODUCT_NAME = "$(TARGET_NAME)";
				TEST_HOST = "$(BUILT_PRODUCTS_DIR)/helpmehelpyou.app/helpmehelpyou";
			};
			name = Release;
		};
/* End XCBuildConfiguration section */

/* Begin XCConfigurationList section */
		836E33821A86B133004EF2B4 /* Build configuration list for PBXProject "helpmehelpyou" */ = {
			isa = XCConfigurationList;
			buildConfigurations = (
				836E33A81A86B134004EF2B4 /* Debug */,
				836E33A91A86B134004EF2B4 /* Release */,
			);
			defaultConfigurationIsVisible = 0;
			defaultConfigurationName = Release;
		};
		836E33AA1A86B134004EF2B4 /* Build configuration list for PBXNativeTarget "helpmehelpyou" */ = {
			isa = XCConfigurationList;
			buildConfigurations = (
				836E33AB1A86B134004EF2B4 /* Debug */,
				836E33AC1A86B134004EF2B4 /* Release */,
			);
			defaultConfigurationIsVisible = 0;
			defaultConfigurationName = Release;
		};
		836E33AD1A86B134004EF2B4 /* Build configuration list for PBXNativeTarget "helpmehelpyouTests" */ = {
			isa = XCConfigurationList;
			buildConfigurations = (
				836E33AE1A86B134004EF2B4 /* Debug */,
				836E33AF1A86B134004EF2B4 /* Release */,
			);
			defaultConfigurationIsVisible = 0;
			defaultConfigurationName = Release;
		};
/* End XCConfigurationList section */
	};
	rootObject = 836E337F1A86B133004EF2B4 /* Project object */;
}
